
Microsoft Visual Studio Solution File, Format Version 12.00
# Visual Studio Version 17
VisualStudioVersion = 17.9.34723.18
MinimumVisualStudioVersion = 10.0.40219.1
Project("{9A19103F-16F7-4668-BE54-9A1E7A4F7556}") = "FirstApp", "FirstApp.csproj", "{F7B62D44-54E5-48E7-8757-18493A5D3DF5}"
EndProject
Project("{FAE04EC0-301F-11D3-BF4B-00C04F79EFBC}") = "PasFunction", "..\PasFunction\PasFunction.csproj", "{38335073-7DB2-4523-973B-E056C615902F}"
EndProject
Global
	GlobalSection(SolutionConfigurationPlatforms) = preSolution
		Debug|Any CPU = Debug|Any CPU
		Release|Any CPU = Release|Any CPU
	EndGlobalSection
	GlobalSection(ProjectConfigurationPlatforms) = postSolution
		{F7B62D44-54E5-48E7-8757-18493A5D3DF5}.Debug|Any CPU.ActiveCfg = Debug|Any CPU
		{F7B62D44-54E5-48E7-8757-18493A5D3DF5}.Debug|Any CPU.Build.0 = Debug|Any CPU
		{F7B62D44-54E5-48E7-8757-18493A5D3DF5}.Release|Any CPU.ActiveCfg = Release|Any CPU
		{F7B62D44-54E5-48E7-8757-18493A5D3DF5}.Release|Any CPU.Build.0 = Release|Any CPU
		{38335073-7DB2-4523-973B-E056C615902F}.Debug|Any CPU.ActiveCfg = Debug|Any CPU
		{38335073-7DB2-4523-973B-E056C615902F}.Debug|Any CPU.Build.0 = Debug|Any CPU
		{38335073-7DB2-4523-973B-E056C615902F}.Release|Any CPU.ActiveCfg = Release|Any CPU
		{38335073-7DB2-4523-973B-E056C615902F}.Release|Any CPU.Build.0 = Release|Any CPU
	EndGlobalSection
	GlobalSection(SolutionProperties) = preSolution
		HideSolutionNode = FALSE
	EndGlobalSection
	GlobalSection(ExtensibilityGlobals) = postSolution
		SolutionGuid = {7F9C4963-2EC8-44F7-8EA4-6E94DA489C2E}
	EndGlobalSection
EndGlobal
